
Microsoft Visual Studio Solution File, Format Version 12.00
# Visual Studio Version 17
VisualStudioVersion = 17.10.34916.146
MinimumVisualStudioVersion = 10.0.40219.1
Project("{FAE04EC0-301F-11D3-BF4B-00C04F79EFBC}") = "ControlRutas", "ControlRutas\ControlRutas.csproj", "{561560F3-BFF7-44CB-90E3-B02985AA2971}"
EndProject
Global
	GlobalSection(SolutionConfigurationPlatforms) = preSolution
		Debug|Any CPU = Debug|Any CPU
		Release|Any CPU = Release|Any CPU
	EndGlobalSection
	GlobalSection(ProjectConfigurationPlatforms) = postSolution
		{561560F3-BFF7-44CB-90E3-B02985AA2971}.Debug|Any CPU.ActiveCfg = Debug|Any CPU
		{561560F3-BFF7-44CB-90E3-B02985AA2971}.Debug|Any CPU.Build.0 = Debug|Any CPU
		{561560F3-BFF7-44CB-90E3-B02985AA2971}.Release|Any CPU.ActiveCfg = Release|Any CPU
		{561560F3-BFF7-44CB-90E3-B02985AA2971}.Release|Any CPU.Build.0 = Release|Any CPU
	EndGlobalSection
	GlobalSection(SolutionProperties) = preSolution
		HideSolutionNode = FALSE
	EndGlobalSection
	GlobalSection(ExtensibilityGlobals) = postSolution
		SolutionGuid = {608FCD59-4C23-457E-889D-71AD44ECA788}
	EndGlobalSection
EndGlobal
